// !$*UTF8*$!
{
	archiveVersion = 1;
	classes = {
	};
	objectVersion = 46;
	objects = {

/* Begin PBXBuildFile section */
		BC04F3BF1D90D11F006A6401 /* AppDelegate.swift in Sources */ = {isa = PBXBuildFile; fileRef = BC04F3BE1D90D11F006A6401 /* AppDelegate.swift */; };
		BC04F3C11D90D11F006A6401 /* ViewController.swift in Sources */ = {isa = PBXBuildFile; fileRef = BC04F3C01D90D11F006A6401 /* ViewController.swift */; };
		BC04F3C41D90D11F006A6401 /* Main.storyboard in Resources */ = {isa = PBXBuildFile; fileRef = BC04F3C21D90D11F006A6401 /* Main.storyboard */; };
		BC04F3C61D90D11F006A6401 /* Assets.xcassets in Resources */ = {isa = PBXBuildFile; fileRef = BC04F3C51D90D11F006A6401 /* Assets.xcassets */; };
		BC04F3C91D90D11F006A6401 /* LaunchScreen.storyboard in Resources */ = {isa = PBXBuildFile; fileRef = BC04F3C71D90D11F006A6401 /* LaunchScreen.storyboard */; };
		BC04F3D11D90D59B006A6401 /* NewViewController.swift in Sources */ = {isa = PBXBuildFile; fileRef = BC04F3D01D90D59B006A6401 /* NewViewController.swift */; };
/* End PBXBuildFile section */

/* Begin PBXFileReference section */
		BC04F3BB1D90D11F006A6401 /* GitDammon2.app */ = {isa = PBXFileReference; explicitFileType = wrapper.application; includeInIndex = 0; path = GitDammon2.app; sourceTree = BUILT_PRODUCTS_DIR; };
		BC04F3BE1D90D11F006A6401 /* AppDelegate.swift */ = {isa = PBXFileReference; lastKnownFileType = sourcecode.swift; path = AppDelegate.swift; sourceTree = "<group>"; };
		BC04F3C01D90D11F006A6401 /* ViewController.swift */ = {isa = PBXFileReference; lastKnownFileType = sourcecode.swift; path = ViewController.swift; sourceTree = "<group>"; };
		BC04F3C31D90D11F006A6401 /* Base */ = {isa = PBXFileReference; lastKnownFileType = file.storyboard; name = Base; path = Base.lproj/Main.storyboard; sourceTree = "<group>"; };
		BC04F3C51D90D11F006A6401 /* Assets.xcassets */ = {isa = PBXFileReference; lastKnownFileType = folder.assetcatalog; path = Assets.xcassets; sourceTree = "<group>"; };
		BC04F3C81D90D11F006A6401 /* Base */ = {isa = PBXFileReference; lastKnownFileType = file.storyboard; name = Base; path = Base.lproj/LaunchScreen.storyboard; sourceTree = "<group>"; };
		BC04F3CA1D90D11F006A6401 /* Info.plist */ = {isa = PBXFileReference; lastKnownFileType = text.plist.xml; path = Info.plist; sourceTree = "<group>"; };
		BC04F3D01D90D59B006A6401 /* NewViewController.swift */ = {isa = PBXFileReference; fileEncoding = 4; lastKnownFileType = sourcecode.swift; path = NewViewController.swift; sourceTree = "<group>"; };
/* End PBXFileReference section */

/* Begin PBXFrameworksBuildPhase section */
		BC04F3B81D90D11F006A6401 /* Frameworks */ = {
			isa = PBXFrameworksBuildPhase;
			buildActionMask = 2147483647;
			files = (
			);
			runOnlyForDeploymentPostprocessing = 0;
		};
/* End PBXFrameworksBuildPhase section */

/* Begin PBXGroup section */
		BC04F3B21D90D11E006A6401 = {
			isa = PBXGroup;
			children = (
				BC04F3BD1D90D11F006A6401 /* GitDammon2 */,
				BC04F3BC1D90D11F006A6401 /* Products */,
			);
			sourceTree = "<group>";
		};
		BC04F3BC1D90D11F006A6401 /* Products */ = {
			isa = PBXGroup;
			children = (
				BC04F3BB1D90D11F006A6401 /* GitDammon2.app */,
			);
			name = Products;
			sourceTree = "<group>";
		};
		BC04F3BD1D90D11F006A6401 /* GitDammon2 */ = {
			isa = PBXGroup;
			children = (
				BC04F3BE1D90D11F006A6401 /* AppDelegate.swift */,
				BC04F3C01D90D11F006A6401 /* ViewController.swift */,
				BC04F3D01D90D59B006A6401 /* NewViewController.swift */,
				BC04F3C21D90D11F006A6401 /* Main.storyboard */,
				BC04F3C51D90D11F006A6401 /* Assets.xcassets */,
				BC04F3C71D90D11F006A6401 /* LaunchScreen.storyboard */,
				BC04F3CA1D90D11F006A6401 /* Info.plist */,
			);
			path = GitDammon2;
			sourceTree = "<group>";
		};
/* End PBXGroup section */

/* Begin PBXNativeTarget section */
		BC04F3BA1D90D11F006A6401 /* GitDammon2 */ = {
			isa = PBXNativeTarget;
			buildConfigurationList = BC04F3CD1D90D11F006A6401 /* Build configuration list for PBXNativeTarget "GitDammon2" */;
			buildPhases = (
				BC04F3B71D90D11F006A6401 /* Sources */,
				BC04F3B81D90D11F006A6401 /* Frameworks */,
				BC04F3B91D90D11F006A6401 /* Resources */,
			);
			buildRules = (
			);
			dependencies = (
			);
			name = GitDammon2;
			productName = GitDammon2;
			productReference = BC04F3BB1D90D11F006A6401 /* GitDammon2.app */;
			productType = "com.apple.product-type.application";
		};
/* End PBXNativeTarget section */

/* Begin PBXProject section */
		BC04F3B31D90D11E006A6401 /* Project object */ = {
			isa = PBXProject;
			attributes = {
				LastSwiftUpdateCheck = 0730;
				LastUpgradeCheck = 0730;
				ORGANIZATIONNAME = LiXueKui;
				TargetAttributes = {
					BC04F3BA1D90D11F006A6401 = {
						CreatedOnToolsVersion = 7.3.1;
					};
				};
			};
			buildConfigurationList = BC04F3B61D90D11E006A6401 /* Build configuration list for PBXProject "GitDammon2" */;
			compatibilityVersion = "Xcode 3.2";
			developmentRegion = English;
			hasScannedForEncodings = 0;
			knownRegions = (
				en,
				Base,
			);
			mainGroup = BC04F3B21D90D11E006A6401;
			productRefGroup = BC04F3BC1D90D11F006A6401 /* Products */;
			projectDirPath = "";
			projectRoot = "";
			targets = (
				BC04F3BA1D90D11F006A6401 /* GitDammon2 */,
			);
		};
/* End PBXProject section */

/* Begin PBXResourcesBuildPhase section */
		BC04F3B91D90D11F006A6401 /* Resources */ = {
			isa = PBXResourcesBuildPhase;
			buildActionMask = 2147483647;
			files = (
				BC04F3C91D90D11F006A6401 /* LaunchScreen.storyboard in Resources */,
				BC04F3C61D90D11F006A6401 /* Assets.xcassets in Resources */,
				BC04F3C41D90D11F006A6401 /* Main.storyboard in Resources */,
			);
			runOnlyForDeploymentPostprocessing = 0;
		};
/* End PBXResourcesBuildPhase section */

/* Begin PBXSourcesBuildPhase section */
		BC04F3B71D90D11F006A6401 /* Sources */ = {
			isa = PBXSourcesBuildPhase;
			buildActionMask = 2147483647;
			files = (
				BC04F3D11D90D59B006A6401 /* NewViewController.swift in Sources */,
				BC04F3C11D90D11F006A6401 /* ViewController.swift in Sources */,
				BC04F3BF1D90D11F006A6401 /* AppDelegate.swift in Sources */,
			);
			runOnlyForDeploymentPostprocessing = 0;
		};
/* End PBXSourcesBuildPhase section */

/* Begin PBXVariantGroup section */
		BC04F3C21D90D11F006A6401 /* Main.storyboard */ = {
			isa = PBXVariantGroup;
			children = (
				BC04F3C31D90D11F006A6401 /* Base */,
			);
			name = Main.storyboard;
			sourceTree = "<group>";
		};
		BC04F3C71D90D11F006A6401 /* LaunchScreen.storyboard */ = {
			isa = PBXVariantGroup;
			children = (
				BC04F3C81D90D11F006A6401 /* Base */,
			);
			name = LaunchScreen.storyboard;
			sourceTree = "<group>";
		};
/* End PBXVariantGroup section */

/* Begin XCBuildConfiguration section */
		BC04F3CB1D90D11F006A6401 /* Debug */ = {
			isa = XCBuildConfiguration;
			buildSettings = {
				ALWAYS_SEARCH_USER_PATHS = NO;
				CLANG_ANALYZER_NONNULL = YES;
				CLANG_CXX_LANGUAGE_STANDARD = "gnu++0x";
				CLANG_CXX_LIBRARY = "libc++";
				CLANG_ENABLE_MODULES = YES;
				CLANG_ENABLE_OBJC_ARC = YES;
				CLANG_WARN_BOOL_CONVERSION = YES;
				CLANG_WARN_CONSTANT_CONVERSION = YES;
				CLANG_WARN_DIRECT_OBJC_ISA_USAGE = YES_ERROR;
				CLANG_WARN_EMPTY_BODY = YES;
				CLANG_WARN_ENUM_CONVERSION = YES;
				CLANG_WARN_INT_CONVERSION = YES;
				CLANG_WARN_OBJC_ROOT_CLASS = YES_ERROR;
				CLANG_WARN_UNREACHABLE_CODE = YES;
				CLANG_WARN__DUPLICATE_METHOD_MATCH = YES;
				"CODE_SIGN_IDENTITY[sdk=iphoneos*]" = "iPhone Developer";
				COPY_PHASE_STRIP = NO;
				DEBUG_INFORMATION_FORMAT = dwarf;
				ENABLE_STRICT_OBJC_MSGSEND = YES;
				ENABLE_TESTABILITY = YES;
				GCC_C_LANGUAGE_STANDARD = gnu99;
				GCC_DYNAMIC_NO_PIC = NO;
				GCC_NO_COMMON_BLOCKS = YES;
				GCC_OPTIMIZATION_LEVEL = 0;
				GCC_PREPROCESSOR_DEFINITIONS = (
					"DEBUG=1",
					"$(inherited)",
				);
				GCC_WARN_64_TO_32_BIT_CONVERSION = YES;
				GCC_WARN_ABOUT_RETURN_TYPE = YES_ERROR;
				GCC_WARN_UNDECLARED_SELECTOR = YES;
				GCC_WARN_UNINITIALIZED_AUTOS = YES_AGGRESSIVE;
				GCC_WARN_UNUSED_FUNCTION = YES;
				GCC_WARN_UNUSED_VARIABLE = YES;
				IPHONEOS_DEPLOYMENT_TARGET = 9.3;
				MTL_ENABLE_DEBUG_INFO = YES;
				ONLY_ACTIVE_ARCH = YES;
				SDKROOT = iphoneos;
				SWIFT_OPTIMIZATION_LEVEL = "-Onone";
			};
			name = Debug;
		};
		BC04F3CC1D90D11F006A6401 /* Release */ = {
			isa = XCBuildConfiguration;
			buildSettings = {
				ALWAYS_SEARCH_USER_PATHS = NO;
				CLANG_ANALYZER_NONNULL = YES;
				CLANG_CXX_LANGUAGE_STANDARD = "gnu++0x";
				CLANG_CXX_LIBRARY = "libc++";
				CLANG_ENABLE_MODULES = YES;
				CLANG_ENABLE_OBJC_ARC = YES;
				CLANG_WARN_BOOL_CONVERSION = YES;
				CLANG_WARN_CONSTANT_CONVERSION = YES;
				CLANG_WARN_DIRECT_OBJC_ISA_USAGE = YES_ERROR;
				CLANG_WARN_EMPTY_BODY = YES;
				CLANG_WARN_ENUM_CONVERSION = YES;
				CLANG_WARN_INT_CONVERSION = YES;
				CLANG_WARN_OBJC_ROOT_CLASS = YES_ERROR;
				CLANG_WARN_UNREACHABLE_CODE = YES;
				CLANG_WARN__DUPLICATE_METHOD_MATCH = YES;
				"CODE_SIGN_IDENTITY[sdk=iphoneos*]" = "iPhone Developer";
				COPY_PHASE_STRIP = NO;
				DEBUG_INFORMATION_FORMAT = "dwarf-with-dsym";
				ENABLE_NS_ASSERTIONS = NO;
				ENABLE_STRICT_OBJC_MSGSEND = YES;
				GCC_C_LANGUAGE_STANDARD = gnu99;
				GCC_NO_COMMON_BLOCKS = YES;
				GCC_WARN_64_TO_32_BIT_CONVERSION = YES;
				GCC_WARN_ABOUT_RETURN_TYPE = YES_ERROR;
				GCC_WARN_UNDECLARED_SELECTOR = YES;
				GCC_WARN_UNINITIALIZED_AUTOS = YES_AGGRESSIVE;
				GCC_WARN_UNUSED_FUNCTION = YES;
				GCC_WARN_UNUSED_VARIABLE = YES;
				IPHONEOS_DEPLOYMENT_TARGET = 9.3;
				MTL_ENABLE_DEBUG_INFO = NO;
				SDKROOT = iphoneos;
				VALIDATE_PRODUCT = YES;
			};
			name = Release;
		};
		BC04F3CE1D90D11F006A6401 /* Debug */ = {
			isa = XCBuildConfiguration;
			buildSettings = {
				ASSETCATALOG_COMPILER_APPICON_NAME = AppIcon;
				INFOPLIST_FILE = GitDammon2/Info.plist;
				LD_RUNPATH_SEARCH_PATHS = "$(inherited) @executable_path/Frameworks";
				PRODUCT_BUNDLE_IDENTIFIER = com.qianfeng.GitDammon2;
				PRODUCT_NAME = "$(TARGET_NAME)";
			};
			name = Debug;
		};
		BC04F3CF1D90D11F006A6401 /* Release */ = {
			isa = XCBuildConfiguration;
			buildSettings = {
				ASSETCATALOG_COMPILER_APPICON_NAME = AppIcon;
				INFOPLIST_FILE = GitDammon2/Info.plist;
				LD_RUNPATH_SEARCH_PATHS = "$(inherited) @executable_path/Frameworks";
				PRODUCT_BUNDLE_IDENTIFIER = com.qianfeng.GitDammon2;
				PRODUCT_NAME = "$(TARGET_NAME)";
			};
			name = Release;
		};
/* End XCBuildConfiguration section */

/* Begin XCConfigurationList section */
		BC04F3B61D90D11E006A6401 /* Build configuration list for PBXProject "GitDammon2" */ = {
			isa = XCConfigurationList;
			buildConfigurations = (
				BC04F3CB1D90D11F006A6401 /* Debug */,
				BC04F3CC1D90D11F006A6401 /* Release */,
			);
			defaultConfigurationIsVisible = 0;
			defaultConfigurationName = Release;
		};
		BC04F3CD1D90D11F006A6401 /* Build configuration list for PBXNativeTarget "GitDammon2" */ = {
			isa = XCConfigurationList;
			buildConfigurations = (
				BC04F3CE1D90D11F006A6401 /* Debug */,
				BC04F3CF1D90D11F006A6401 /* Release */,
			);
			defaultConfigurationIsVisible = 0;
			defaultConfigurationName = Release;
		};
/* End XCConfigurationList section */
	};
	rootObject = BC04F3B31D90D11E006A6401 /* Project object */;
}
